
Microsoft Visual Studio Solution File, Format Version 12.00
# Visual Studio 15
VisualStudioVersion = 15.0.26730.10
MinimumVisualStudioVersion = 10.0.40219.1
Project("{FAE04EC0-301F-11D3-BF4B-00C04F79EFBC}") = "ASBSender", "ASBSender\ASBSender.csproj", "{7EB04125-0CD7-4F54-8947-B151E30C6A44}"
EndProject
Project("{FAE04EC0-301F-11D3-BF4B-00C04F79EFBC}") = "ASBAllProductsReceiver", "AllProductsReceiver\ASBAllProductsReceiver.csproj", "{905293D6-95C8-407D-BE6F-973C6219E401}"
EndProject
Project("{FAE04EC0-301F-11D3-BF4B-00C04F79EFBC}") = "ASBReceiver", "ASBReceiver\ASBReceiver.csproj", "{5C858ED5-88E5-4466-A8E0-9B0FF7D1E15C}"
EndProject
Project("{FAE04EC0-301F-11D3-BF4B-00C04F79EFBC}") = "ASBLargeProductsReceiver", "LargeProductsReceiver\ASBLargeProductsReceiver.csproj", "{F657B1F8-939C-47B6-A38E-7EDC17DEC5F2}"
EndProject
Project("{FAE04EC0-301F-11D3-BF4B-00C04F79EFBC}") = "ASBExpensiveProductsReceiver", "ExpensiveProductsReceiver\ASBExpensiveProductsReceiver.csproj", "{82BF6920-E311-4594-A305-277FC5B2A109}"
EndProject
Project("{151D2E53-A2C4-4D7D-83FE-D05416EBD58E}") = "ASBAzureSetup", "ServiceBusSetup\ASBAzureSetup.deployproj", "{577FDB37-895E-4D1C-8434-D72AF0969ABB}"
EndProject
Project("{FAE04EC0-301F-11D3-BF4B-00C04F79EFBC}") = "ASBLightColourProductsReceiver", "LightColourProductsReceiver\ASBLightColourProductsReceiver.csproj", "{CDA2EE31-8B48-47FB-B476-0D30A17B35C5}"
EndProject
Project("{FAE04EC0-301F-11D3-BF4B-00C04F79EFBC}") = "ASQFactoredNumbersReceiver", "FactoredNumbersReceiver\ASQFactoredNumbersReceiver.csproj", "{7D538CED-88C2-46EB-824B-85A8784CAA34}"
EndProject
Project("{2150E333-8FDC-42A3-9474-1A3956D46DE8}") = "Scripts", "Scripts", "{111C4D57-C997-40D7-B1D4-9862B4660888}"
	ProjectSection(SolutionItems) = preProject
		Scripts\Configure RabbitMQ.ps1 = Scripts\Configure RabbitMQ.ps1
		Scripts\Demo Notes.doc = Scripts\Demo Notes.doc
		Scripts\docker-compose.yml = Scripts\docker-compose.yml
		Scripts\Hit Azure Apis.ps1 = Scripts\Hit Azure Apis.ps1
		Scripts\HttpFactorNumber.txt = Scripts\HttpFactorNumber.txt
		Scripts\ReceiveNumberToBeFactored.txt = Scripts\ReceiveNumberToBeFactored.txt
	EndProjectSection
EndProject
Project("{9A19103F-16F7-4668-BE54-9A1E7A4F7556}") = "RabbitSender", "RabbitSender\RabbitSender.csproj", "{D9882A9A-455D-458B-ABA4-CB5FE643F472}"
EndProject
Project("{2150E333-8FDC-42A3-9474-1A3956D46DE8}") = "Solution Items", "Solution Items", "{20429D3D-386A-45C4-882D-EAEC58B1C3E4}"
	ProjectSection(SolutionItems) = preProject
		README.md = README.md
	EndProjectSection
EndProject
Project("{9A19103F-16F7-4668-BE54-9A1E7A4F7556}") = "RabbitReceiver", "RabbitReceiver\RabbitReceiver.csproj", "{7454AB3D-066F-4BC7-AEF4-6E459884E055}"
EndProject
Project("{FAE04EC0-301F-11D3-BF4B-00C04F79EFBC}") = "ASQFunction", "ASQFunction\ASQFunction.csproj", "{5B2E2297-F11F-4787-9AB4-398D9B450AFF}"
EndProject
Global
	GlobalSection(SolutionConfigurationPlatforms) = preSolution
		Debug|Any CPU = Debug|Any CPU
		Release|Any CPU = Release|Any CPU
	EndGlobalSection
	GlobalSection(ProjectConfigurationPlatforms) = postSolution
		{7EB04125-0CD7-4F54-8947-B151E30C6A44}.Debug|Any CPU.ActiveCfg = Debug|Any CPU
		{7EB04125-0CD7-4F54-8947-B151E30C6A44}.Debug|Any CPU.Build.0 = Debug|Any CPU
		{7EB04125-0CD7-4F54-8947-B151E30C6A44}.Release|Any CPU.ActiveCfg = Release|Any CPU
		{7EB04125-0CD7-4F54-8947-B151E30C6A44}.Release|Any CPU.Build.0 = Release|Any CPU
		{905293D6-95C8-407D-BE6F-973C6219E401}.Debug|Any CPU.ActiveCfg = Debug|Any CPU
		{905293D6-95C8-407D-BE6F-973C6219E401}.Debug|Any CPU.Build.0 = Debug|Any CPU
		{905293D6-95C8-407D-BE6F-973C6219E401}.Release|Any CPU.ActiveCfg = Release|Any CPU
		{905293D6-95C8-407D-BE6F-973C6219E401}.Release|Any CPU.Build.0 = Release|Any CPU
		{5C858ED5-88E5-4466-A8E0-9B0FF7D1E15C}.Debug|Any CPU.ActiveCfg = Debug|Any CPU
		{5C858ED5-88E5-4466-A8E0-9B0FF7D1E15C}.Debug|Any CPU.Build.0 = Debug|Any CPU
		{5C858ED5-88E5-4466-A8E0-9B0FF7D1E15C}.Release|Any CPU.ActiveCfg = Release|Any CPU
		{5C858ED5-88E5-4466-A8E0-9B0FF7D1E15C}.Release|Any CPU.Build.0 = Release|Any CPU
		{F657B1F8-939C-47B6-A38E-7EDC17DEC5F2}.Debug|Any CPU.ActiveCfg = Debug|Any CPU
		{F657B1F8-939C-47B6-A38E-7EDC17DEC5F2}.Debug|Any CPU.Build.0 = Debug|Any CPU
		{F657B1F8-939C-47B6-A38E-7EDC17DEC5F2}.Release|Any CPU.ActiveCfg = Release|Any CPU
		{F657B1F8-939C-47B6-A38E-7EDC17DEC5F2}.Release|Any CPU.Build.0 = Release|Any CPU
		{82BF6920-E311-4594-A305-277FC5B2A109}.Debug|Any CPU.ActiveCfg = Debug|Any CPU
		{82BF6920-E311-4594-A305-277FC5B2A109}.Debug|Any CPU.Build.0 = Debug|Any CPU
		{82BF6920-E311-4594-A305-277FC5B2A109}.Release|Any CPU.ActiveCfg = Release|Any CPU
		{82BF6920-E311-4594-A305-277FC5B2A109}.Release|Any CPU.Build.0 = Release|Any CPU
		{577FDB37-895E-4D1C-8434-D72AF0969ABB}.Debug|Any CPU.ActiveCfg = Debug|Any CPU
		{577FDB37-895E-4D1C-8434-D72AF0969ABB}.Debug|Any CPU.Build.0 = Debug|Any CPU
		{577FDB37-895E-4D1C-8434-D72AF0969ABB}.Release|Any CPU.ActiveCfg = Release|Any CPU
		{577FDB37-895E-4D1C-8434-D72AF0969ABB}.Release|Any CPU.Build.0 = Release|Any CPU
		{CDA2EE31-8B48-47FB-B476-0D30A17B35C5}.Debug|Any CPU.ActiveCfg = Debug|Any CPU
		{CDA2EE31-8B48-47FB-B476-0D30A17B35C5}.Debug|Any CPU.Build.0 = Debug|Any CPU
		{CDA2EE31-8B48-47FB-B476-0D30A17B35C5}.Release|Any CPU.ActiveCfg = Release|Any CPU
		{CDA2EE31-8B48-47FB-B476-0D30A17B35C5}.Release|Any CPU.Build.0 = Release|Any CPU
		{7D538CED-88C2-46EB-824B-85A8784CAA34}.Debug|Any CPU.ActiveCfg = Debug|Any CPU
		{7D538CED-88C2-46EB-824B-85A8784CAA34}.Debug|Any CPU.Build.0 = Debug|Any CPU
		{7D538CED-88C2-46EB-824B-85A8784CAA34}.Release|Any CPU.ActiveCfg = Release|Any CPU
		{7D538CED-88C2-46EB-824B-85A8784CAA34}.Release|Any CPU.Build.0 = Release|Any CPU
		{D9882A9A-455D-458B-ABA4-CB5FE643F472}.Debug|Any CPU.ActiveCfg = Debug|Any CPU
		{D9882A9A-455D-458B-ABA4-CB5FE643F472}.Debug|Any CPU.Build.0 = Debug|Any CPU
		{D9882A9A-455D-458B-ABA4-CB5FE643F472}.Release|Any CPU.ActiveCfg = Release|Any CPU
		{D9882A9A-455D-458B-ABA4-CB5FE643F472}.Release|Any CPU.Build.0 = Release|Any CPU
		{7454AB3D-066F-4BC7-AEF4-6E459884E055}.Debug|Any CPU.ActiveCfg = Debug|Any CPU
		{7454AB3D-066F-4BC7-AEF4-6E459884E055}.Debug|Any CPU.Build.0 = Debug|Any CPU
		{7454AB3D-066F-4BC7-AEF4-6E459884E055}.Release|Any CPU.ActiveCfg = Release|Any CPU
		{7454AB3D-066F-4BC7-AEF4-6E459884E055}.Release|Any CPU.Build.0 = Release|Any CPU
		{5B2E2297-F11F-4787-9AB4-398D9B450AFF}.Debug|Any CPU.ActiveCfg = Debug|Any CPU
		{5B2E2297-F11F-4787-9AB4-398D9B450AFF}.Debug|Any CPU.Build.0 = Debug|Any CPU
		{5B2E2297-F11F-4787-9AB4-398D9B450AFF}.Release|Any CPU.ActiveCfg = Release|Any CPU
		{5B2E2297-F11F-4787-9AB4-398D9B450AFF}.Release|Any CPU.Build.0 = Release|Any CPU
	EndGlobalSection
	GlobalSection(SolutionProperties) = preSolution
		HideSolutionNode = FALSE
	EndGlobalSection
	GlobalSection(ExtensibilityGlobals) = postSolution
		SolutionGuid = {466C15CD-9C7D-4850-92C1-804926343AFE}
	EndGlobalSection
EndGlobal
